// !$*UTF8*$!
{
	archiveVersion = 1;
	classes = {
	};
	objectVersion = 45;
	objects = {

/* Begin PBXBuildFile section */
		1D3623260D0F684500981E51 /* ValentunesAppDelegate.m in Sources */ = {isa = PBXBuildFile; fileRef = 1D3623250D0F684500981E51 /* ValentunesAppDelegate.m */; };
		1D60589B0D05DD56006BFB54 /* main.m in Sources */ = {isa = PBXBuildFile; fileRef = 29B97316FDCFA39411CA2CEA /* main.m */; };
		1D60589F0D05DD5A006BFB54 /* Foundation.framework in Frameworks */ = {isa = PBXBuildFile; fileRef = 1D30AB110D05D00D00671497 /* Foundation.framework */; };
		1DF5F4E00D08C38300B7A737 /* UIKit.framework in Frameworks */ = {isa = PBXBuildFile; fileRef = 1DF5F4DF0D08C38300B7A737 /* UIKit.framework */; };
		2892E4100DC94CBA00A64D0F /* CoreGraphics.framework in Frameworks */ = {isa = PBXBuildFile; fileRef = 2892E40F0DC94CBA00A64D0F /* CoreGraphics.framework */; };
		28AD73600D9D9599002E5188 /* MainWindow.xib in Resources */ = {isa = PBXBuildFile; fileRef = 28AD735F0D9D9599002E5188 /* MainWindow.xib */; };
		28C286E10D94DF7D0034E888 /* RootViewController.m in Sources */ = {isa = PBXBuildFile; fileRef = 28C286E00D94DF7D0034E888 /* RootViewController.m */; };
		28F335F11007B36200424DE2 /* RootViewController.xib in Resources */ = {isa = PBXBuildFile; fileRef = 28F335F01007B36200424DE2 /* RootViewController.xib */; };
		4919C89F1391DDC000A1927C /* Valentunes.xcdatamodeld in Sources */ = {isa = PBXBuildFile; fileRef = 4919C89D1391DDC000A1927C /* Valentunes.xcdatamodeld */; };
		4919C8A51391DDF800A1927C /* CoreData.framework in Frameworks */ = {isa = PBXBuildFile; fileRef = 4919C8A41391DDF800A1927C /* CoreData.framework */; };
		4919C8AC1391DF0D00A1927C /* Track.m in Sources */ = {isa = PBXBuildFile; fileRef = 4919C8A91391DF0D00A1927C /* Track.m */; };
		4919C8AD1391DF0D00A1927C /* Card.m in Sources */ = {isa = PBXBuildFile; fileRef = 4919C8AB1391DF0D00A1927C /* Card.m */; };
		951AFC0A130838F800CEC086 /* heart.png in Resources */ = {isa = PBXBuildFile; fileRef = 951AFC09130838F800CEC086 /* heart.png */; };
		951AFD971308615300CEC086 /* album1.jpg in Resources */ = {isa = PBXBuildFile; fileRef = 951AFD931308615300CEC086 /* album1.jpg */; };
		951AFD981308615300CEC086 /* album2.jpg in Resources */ = {isa = PBXBuildFile; fileRef = 951AFD941308615300CEC086 /* album2.jpg */; };
		951AFD991308615300CEC086 /* album3.jpg in Resources */ = {isa = PBXBuildFile; fileRef = 951AFD951308615300CEC086 /* album3.jpg */; };
		951AFD9A1308615300CEC086 /* album4.jpg in Resources */ = {isa = PBXBuildFile; fileRef = 951AFD961308615300CEC086 /* album4.jpg */; };
		952E5396130767C0002A3314 /* SongCell.m in Sources */ = {isa = PBXBuildFile; fileRef = 952E5395130767C0002A3314 /* SongCell.m */; };
		952E5398130767D4002A3314 /* SongCell.xib in Resources */ = {isa = PBXBuildFile; fileRef = 952E5397130767D4002A3314 /* SongCell.xib */; };
		952E53CF13077003002A3314 /* Check_mark.png in Resources */ = {isa = PBXBuildFile; fileRef = 952E53CC13077003002A3314 /* Check_mark.png */; };
		952E53D013077003002A3314 /* empty_check_box.gif in Resources */ = {isa = PBXBuildFile; fileRef = 952E53CD13077003002A3314 /* empty_check_box.gif */; };
		952E53D113077003002A3314 /* Silver-Play-Button.jpg in Resources */ = {isa = PBXBuildFile; fileRef = 952E53CE13077003002A3314 /* Silver-Play-Button.jpg */; };
		952E5471130780F2002A3314 /* kttunstall.jpeg in Resources */ = {isa = PBXBuildFile; fileRef = 952E5470130780F2002A3314 /* kttunstall.jpeg */; };
		952E547B13078235002A3314 /* SendViewController.m in Sources */ = {isa = PBXBuildFile; fileRef = 952E547913078235002A3314 /* SendViewController.m */; };
		952E547C13078235002A3314 /* SendViewController.xib in Resources */ = {isa = PBXBuildFile; fileRef = 952E547A13078235002A3314 /* SendViewController.xib */; };
		95CB53361307265900FE0CB5 /* ChooseSongsViewController.m in Sources */ = {isa = PBXBuildFile; fileRef = 95CB53341307265900FE0CB5 /* ChooseSongsViewController.m */; };
		95CB53371307265900FE0CB5 /* ChooseSongsViewController.xib in Resources */ = {isa = PBXBuildFile; fileRef = 95CB53351307265900FE0CB5 /* ChooseSongsViewController.xib */; };
		95CB533D1307272300FE0CB5 /* Song.m in Sources */ = {isa = PBXBuildFile; fileRef = 95CB533C1307272300FE0CB5 /* Song.m */; };
		95CB539C130735B900FE0CB5 /* mock_song_list.json in Resources */ = {isa = PBXBuildFile; fileRef = 95CB539B130735B900FE0CB5 /* mock_song_list.json */; };
		95CB542013073F1400FE0CB5 /* ASIAuthenticationDialog.m in Sources */ = {isa = PBXBuildFile; fileRef = 95CB540D13073F1400FE0CB5 /* ASIAuthenticationDialog.m */; };
		95CB542113073F1400FE0CB5 /* ASIDataCompressor.m in Sources */ = {isa = PBXBuildFile; fileRef = 95CB541013073F1400FE0CB5 /* ASIDataCompressor.m */; };
		95CB542213073F1400FE0CB5 /* ASIDataDecompressor.m in Sources */ = {isa = PBXBuildFile; fileRef = 95CB541213073F1400FE0CB5 /* ASIDataDecompressor.m */; };
		95CB542313073F1400FE0CB5 /* ASIDownloadCache.m in Sources */ = {isa = PBXBuildFile; fileRef = 95CB541413073F1400FE0CB5 /* ASIDownloadCache.m */; };
		95CB542413073F1400FE0CB5 /* ASIFormDataRequest.m in Sources */ = {isa = PBXBuildFile; fileRef = 95CB541613073F1400FE0CB5 /* ASIFormDataRequest.m */; };
		95CB542513073F1400FE0CB5 /* ASIHTTPRequest.m in Sources */ = {isa = PBXBuildFile; fileRef = 95CB541813073F1400FE0CB5 /* ASIHTTPRequest.m */; };
		95CB542613073F1400FE0CB5 /* ASIInputStream.m in Sources */ = {isa = PBXBuildFile; fileRef = 95CB541C13073F1400FE0CB5 /* ASIInputStream.m */; };
		95CB542713073F1400FE0CB5 /* ASINetworkQueue.m in Sources */ = {isa = PBXBuildFile; fileRef = 95CB541E13073F1400FE0CB5 /* ASINetworkQueue.m */; };
		95CB5436130741D200FE0CB5 /* Reachability.m in Sources */ = {isa = PBXBuildFile; fileRef = 95CB5435130741D200FE0CB5 /* Reachability.m */; };
		95CB543A1307421500FE0CB5 /* CFNetwork.framework in Frameworks */ = {isa = PBXBuildFile; fileRef = 95CB54391307421500FE0CB5 /* CFNetwork.framework */; };
		95CB543E1307421E00FE0CB5 /* SystemConfiguration.framework in Frameworks */ = {isa = PBXBuildFile; fileRef = 95CB543D1307421E00FE0CB5 /* SystemConfiguration.framework */; };
		95CB54421307422100FE0CB5 /* MobileCoreServices.framework in Frameworks */ = {isa = PBXBuildFile; fileRef = 95CB54411307422100FE0CB5 /* MobileCoreServices.framework */; };
		95CB545C1307437900FE0CB5 /* libz.1.2.3.dylib in Frameworks */ = {isa = PBXBuildFile; fileRef = 95CB545B1307437900FE0CB5 /* libz.1.2.3.dylib */; };
		95CB5465130743D400FE0CB5 /* WebService.m in Sources */ = {isa = PBXBuildFile; fileRef = 95CB5464130743D400FE0CB5 /* WebService.m */; };
		95CB552813075E5500FE0CB5 /* NSObject+JSON.m in Sources */ = {isa = PBXBuildFile; fileRef = 95CB551713075E5500FE0CB5 /* NSObject+JSON.m */; };
		95CB552913075E5500FE0CB5 /* SBJsonParser.m in Sources */ = {isa = PBXBuildFile; fileRef = 95CB551913075E5500FE0CB5 /* SBJsonParser.m */; };
		95CB552A13075E5500FE0CB5 /* SBJsonStreamParser.m in Sources */ = {isa = PBXBuildFile; fileRef = 95CB551B13075E5500FE0CB5 /* SBJsonStreamParser.m */; };
		95CB552B13075E5500FE0CB5 /* SBJsonStreamParserAdapter.m in Sources */ = {isa = PBXBuildFile; fileRef = 95CB551D13075E5500FE0CB5 /* SBJsonStreamParserAdapter.m */; };
		95CB552C13075E5500FE0CB5 /* SBJsonStreamParserState.m in Sources */ = {isa = PBXBuildFile; fileRef = 95CB551F13075E5500FE0CB5 /* SBJsonStreamParserState.m */; };
		95CB552D13075E5500FE0CB5 /* SBJsonStreamWriter.m in Sources */ = {isa = PBXBuildFile; fileRef = 95CB552113075E5500FE0CB5 /* SBJsonStreamWriter.m */; };
		95CB552E13075E5500FE0CB5 /* SBJsonStreamWriterState.m in Sources */ = {isa = PBXBuildFile; fileRef = 95CB552313075E5500FE0CB5 /* SBJsonStreamWriterState.m */; };
		95CB552F13075E5500FE0CB5 /* SBJsonTokeniser.m in Sources */ = {isa = PBXBuildFile; fileRef = 95CB552513075E5500FE0CB5 /* SBJsonTokeniser.m */; };
		95CB553013075E5500FE0CB5 /* SBJsonWriter.m in Sources */ = {isa = PBXBuildFile; fileRef = 95CB552713075E5500FE0CB5 /* SBJsonWriter.m */; };
		95F9CC2A130892BA00E4B39D /* FinishedViewController.m in Sources */ = {isa = PBXBuildFile; fileRef = 95F9CC28130892BA00E4B39D /* FinishedViewController.m */; };
		95F9CC2B130892BA00E4B39D /* FinishedViewController.xib in Resources */ = {isa = PBXBuildFile; fileRef = 95F9CC29130892BA00E4B39D /* FinishedViewController.xib */; };
/* End PBXBuildFile section */

/* Begin PBXFileReference section */
		1D30AB110D05D00D00671497 /* Foundation.framework */ = {isa = PBXFileReference; lastKnownFileType = wrapper.framework; name = Foundation.framework; path = System/Library/Frameworks/Foundation.framework; sourceTree = SDKROOT; };
		1D3623240D0F684500981E51 /* ValentunesAppDelegate.h */ = {isa = PBXFileReference; fileEncoding = 4; lastKnownFileType = sourcecode.c.h; path = ValentunesAppDelegate.h; sourceTree = "<group>"; };
		1D3623250D0F684500981E51 /* ValentunesAppDelegate.m */ = {isa = PBXFileReference; fileEncoding = 4; lastKnownFileType = sourcecode.c.objc; path = ValentunesAppDelegate.m; sourceTree = "<group>"; };
		1D6058910D05DD3D006BFB54 /* Valentunes.app */ = {isa = PBXFileReference; explicitFileType = wrapper.application; includeInIndex = 0; path = Valentunes.app; sourceTree = BUILT_PRODUCTS_DIR; };
		1DF5F4DF0D08C38300B7A737 /* UIKit.framework */ = {isa = PBXFileReference; lastKnownFileType = wrapper.framework; name = UIKit.framework; path = System/Library/Frameworks/UIKit.framework; sourceTree = SDKROOT; };
		2892E40F0DC94CBA00A64D0F /* CoreGraphics.framework */ = {isa = PBXFileReference; lastKnownFileType = wrapper.framework; name = CoreGraphics.framework; path = System/Library/Frameworks/CoreGraphics.framework; sourceTree = SDKROOT; };
		28A0AAE50D9B0CCF005BE974 /* Valentunes_Prefix.pch */ = {isa = PBXFileReference; fileEncoding = 4; lastKnownFileType = sourcecode.c.h; path = Valentunes_Prefix.pch; sourceTree = "<group>"; };
		28AD735F0D9D9599002E5188 /* MainWindow.xib */ = {isa = PBXFileReference; lastKnownFileType = file.xib; path = MainWindow.xib; sourceTree = "<group>"; };
		28C286DF0D94DF7D0034E888 /* RootViewController.h */ = {isa = PBXFileReference; fileEncoding = 4; lastKnownFileType = sourcecode.c.h; path = RootViewController.h; sourceTree = "<group>"; };
		28C286E00D94DF7D0034E888 /* RootViewController.m */ = {isa = PBXFileReference; fileEncoding = 4; lastKnownFileType = sourcecode.c.objc; path = RootViewController.m; sourceTree = "<group>"; };
		28F335F01007B36200424DE2 /* RootViewController.xib */ = {isa = PBXFileReference; lastKnownFileType = file.xib; path = RootViewController.xib; sourceTree = "<group>"; };
		29B97316FDCFA39411CA2CEA /* main.m */ = {isa = PBXFileReference; fileEncoding = 4; lastKnownFileType = sourcecode.c.objc; path = main.m; sourceTree = "<group>"; };
		4919C89E1391DDC000A1927C /* Valentunes.xcdatamodel */ = {isa = PBXFileReference; fileEncoding = 4; lastKnownFileType = wrapper.xcdatamodel; path = Valentunes.xcdatamodel; sourceTree = "<group>"; };
		4919C8A41391DDF800A1927C /* CoreData.framework */ = {isa = PBXFileReference; lastKnownFileType = wrapper.framework; name = CoreData.framework; path = System/Library/Frameworks/CoreData.framework; sourceTree = SDKROOT; };
		4919C8A81391DF0D00A1927C /* Track.h */ = {isa = PBXFileReference; fileEncoding = 4; lastKnownFileType = sourcecode.c.h; path = Track.h; sourceTree = "<group>"; };
		4919C8A91391DF0D00A1927C /* Track.m */ = {isa = PBXFileReference; fileEncoding = 4; lastKnownFileType = sourcecode.c.objc; path = Track.m; sourceTree = "<group>"; };
		4919C8AA1391DF0D00A1927C /* Card.h */ = {isa = PBXFileReference; fileEncoding = 4; lastKnownFileType = sourcecode.c.h; path = Card.h; sourceTree = "<group>"; };
		4919C8AB1391DF0D00A1927C /* Card.m */ = {isa = PBXFileReference; fileEncoding = 4; lastKnownFileType = sourcecode.c.objc; path = Card.m; sourceTree = "<group>"; };
		8D1107310486CEB800E47090 /* Valentunes-Info.plist */ = {isa = PBXFileReference; fileEncoding = 4; lastKnownFileType = text.plist.xml; path = "Valentunes-Info.plist"; plistStructureDefinitionIdentifier = "com.apple.xcode.plist.structure-definition.iphone.info-plist"; sourceTree = "<group>"; };
		951AFC09130838F800CEC086 /* heart.png */ = {isa = PBXFileReference; lastKnownFileType = image.png; path = heart.png; sourceTree = "<group>"; };
		951AFD931308615300CEC086 /* album1.jpg */ = {isa = PBXFileReference; lastKnownFileType = image.jpeg; path = album1.jpg; sourceTree = "<group>"; };
		951AFD941308615300CEC086 /* album2.jpg */ = {isa = PBXFileReference; lastKnownFileType = image.jpeg; path = album2.jpg; sourceTree = "<group>"; };
		951AFD951308615300CEC086 /* album3.jpg */ = {isa = PBXFileReference; lastKnownFileType = image.jpeg; path = album3.jpg; sourceTree = "<group>"; };
		951AFD961308615300CEC086 /* album4.jpg */ = {isa = PBXFileReference; lastKnownFileType = image.jpeg; path = album4.jpg; sourceTree = "<group>"; };
		952E5394130767C0002A3314 /* SongCell.h */ = {isa = PBXFileReference; fileEncoding = 4; lastKnownFileType = sourcecode.c.h; path = SongCell.h; sourceTree = "<group>"; };
		952E5395130767C0002A3314 /* SongCell.m */ = {isa = PBXFileReference; fileEncoding = 4; lastKnownFileType = sourcecode.c.objc; path = SongCell.m; sourceTree = "<group>"; };
		952E5397130767D4002A3314 /* SongCell.xib */ = {isa = PBXFileReference; lastKnownFileType = file.xib; path = SongCell.xib; sourceTree = "<group>"; };
		952E53CC13077003002A3314 /* Check_mark.png */ = {isa = PBXFileReference; lastKnownFileType = image.png; path = Check_mark.png; sourceTree = "<group>"; };
		952E53CD13077003002A3314 /* empty_check_box.gif */ = {isa = PBXFileReference; lastKnownFileType = image.gif; path = empty_check_box.gif; sourceTree = "<group>"; };
		952E53CE13077003002A3314 /* Silver-Play-Button.jpg */ = {isa = PBXFileReference; lastKnownFileType = image.jpeg; path = "Silver-Play-Button.jpg"; sourceTree = "<group>"; };
		952E5470130780F2002A3314 /* kttunstall.jpeg */ = {isa = PBXFileReference; lastKnownFileType = image.jpeg; path = kttunstall.jpeg; sourceTree = "<group>"; };
		952E547813078235002A3314 /* SendViewController.h */ = {isa = PBXFileReference; fileEncoding = 4; lastKnownFileType = sourcecode.c.h; path = SendViewController.h; sourceTree = "<group>"; };
		952E547913078235002A3314 /* SendViewController.m */ = {isa = PBXFileReference; fileEncoding = 4; lastKnownFileType = sourcecode.c.objc; path = SendViewController.m; sourceTree = "<group>"; };
		952E547A13078235002A3314 /* SendViewController.xib */ = {isa = PBXFileReference; lastKnownFileType = file.xib; path = SendViewController.xib; sourceTree = "<group>"; };
		95CB53331307265900FE0CB5 /* ChooseSongsViewController.h */ = {isa = PBXFileReference; fileEncoding = 4; lastKnownFileType = sourcecode.c.h; path = ChooseSongsViewController.h; sourceTree = "<group>"; };
		95CB53341307265900FE0CB5 /* ChooseSongsViewController.m */ = {isa = PBXFileReference; fileEncoding = 4; lastKnownFileType = sourcecode.c.objc; path = ChooseSongsViewController.m; sourceTree = "<group>"; };
		95CB53351307265900FE0CB5 /* ChooseSongsViewController.xib */ = {isa = PBXFileReference; lastKnownFileType = file.xib; path = ChooseSongsViewController.xib; sourceTree = "<group>"; };
		95CB533B1307272300FE0CB5 /* Song.h */ = {isa = PBXFileReference; fileEncoding = 4; lastKnownFileType = sourcecode.c.h; path = Song.h; sourceTree = "<group>"; };
		95CB533C1307272300FE0CB5 /* Song.m */ = {isa = PBXFileReference; fileEncoding = 4; lastKnownFileType = sourcecode.c.objc; path = Song.m; sourceTree = "<group>"; };
		95CB539B130735B900FE0CB5 /* mock_song_list.json */ = {isa = PBXFileReference; fileEncoding = 4; lastKnownFileType = text; path = mock_song_list.json; sourceTree = "<group>"; };
		95CB540C13073F1400FE0CB5 /* ASIAuthenticationDialog.h */ = {isa = PBXFileReference; fileEncoding = 4; lastKnownFileType = sourcecode.c.h; path = ASIAuthenticationDialog.h; sourceTree = "<group>"; };
		95CB540D13073F1400FE0CB5 /* ASIAuthenticationDialog.m */ = {isa = PBXFileReference; fileEncoding = 4; lastKnownFileType = sourcecode.c.objc; path = ASIAuthenticationDialog.m; sourceTree = "<group>"; };
		95CB540E13073F1400FE0CB5 /* ASICacheDelegate.h */ = {isa = PBXFileReference; fileEncoding = 4; lastKnownFileType = sourcecode.c.h; path = ASICacheDelegate.h; sourceTree = "<group>"; };
		95CB540F13073F1400FE0CB5 /* ASIDataCompressor.h */ = {isa = PBXFileReference; fileEncoding = 4; lastKnownFileType = sourcecode.c.h; path = ASIDataCompressor.h; sourceTree = "<group>"; };
		95CB541013073F1400FE0CB5 /* ASIDataCompressor.m */ = {isa = PBXFileReference; fileEncoding = 4; lastKnownFileType = sourcecode.c.objc; path = ASIDataCompressor.m; sourceTree = "<group>"; };
		95CB541113073F1400FE0CB5 /* ASIDataDecompressor.h */ = {isa = PBXFileReference; fileEncoding = 4; lastKnownFileType = sourcecode.c.h; path = ASIDataDecompressor.h; sourceTree = "<group>"; };
		95CB541213073F1400FE0CB5 /* ASIDataDecompressor.m */ = {isa = PBXFileReference; fileEncoding = 4; lastKnownFileType = sourcecode.c.objc; path = ASIDataDecompressor.m; sourceTree = "<group>"; };
		95CB541313073F1400FE0CB5 /* ASIDownloadCache.h */ = {isa = PBXFileReference; fileEncoding = 4; lastKnownFileType = sourcecode.c.h; path = ASIDownloadCache.h; sourceTree = "<group>"; };
		95CB541413073F1400FE0CB5 /* ASIDownloadCache.m */ = {isa = PBXFileReference; fileEncoding = 4; lastKnownFileType = sourcecode.c.objc; path = ASIDownloadCache.m; sourceTree = "<group>"; };
		95CB541513073F1400FE0CB5 /* ASIFormDataRequest.h */ = {isa = PBXFileReference; fileEncoding = 4; lastKnownFileType = sourcecode.c.h; path = ASIFormDataRequest.h; sourceTree = "<group>"; };
		95CB541613073F1400FE0CB5 /* ASIFormDataRequest.m */ = {isa = PBXFileReference; fileEncoding = 4; lastKnownFileType = sourcecode.c.objc; path = ASIFormDataRequest.m; sourceTree = "<group>"; };
		95CB541713073F1400FE0CB5 /* ASIHTTPRequest.h */ = {isa = PBXFileReference; fileEncoding = 4; lastKnownFileType = sourcecode.c.h; path = ASIHTTPRequest.h; sourceTree = "<group>"; };
		95CB541813073F1400FE0CB5 /* ASIHTTPRequest.m */ = {isa = PBXFileReference; fileEncoding = 4; lastKnownFileType = sourcecode.c.objc; path = ASIHTTPRequest.m; sourceTree = "<group>"; };
		95CB541913073F1400FE0CB5 /* ASIHTTPRequestConfig.h */ = {isa = PBXFileReference; fileEncoding = 4; lastKnownFileType = sourcecode.c.h; path = ASIHTTPRequestConfig.h; sourceTree = "<group>"; };
		95CB541A13073F1400FE0CB5 /* ASIHTTPRequestDelegate.h */ = {isa = PBXFileReference; fileEncoding = 4; lastKnownFileType = sourcecode.c.h; path = ASIHTTPRequestDelegate.h; sourceTree = "<group>"; };
		95CB541B13073F1400FE0CB5 /* ASIInputStream.h */ = {isa = PBXFileReference; fileEncoding = 4; lastKnownFileType = sourcecode.c.h; path = ASIInputStream.h; sourceTree = "<group>"; };
		95CB541C13073F1400FE0CB5 /* ASIInputStream.m */ = {isa = PBXFileReference; fileEncoding = 4; lastKnownFileType = sourcecode.c.objc; path = ASIInputStream.m; sourceTree = "<group>"; };
		95CB541D13073F1400FE0CB5 /* ASINetworkQueue.h */ = {isa = PBXFileReference; fileEncoding = 4; lastKnownFileType = sourcecode.c.h; path = ASINetworkQueue.h; sourceTree = "<group>"; };
		95CB541E13073F1400FE0CB5 /* ASINetworkQueue.m */ = {isa = PBXFileReference; fileEncoding = 4; lastKnownFileType = sourcecode.c.objc; path = ASINetworkQueue.m; sourceTree = "<group>"; };
		95CB541F13073F1400FE0CB5 /* ASIProgressDelegate.h */ = {isa = PBXFileReference; fileEncoding = 4; lastKnownFileType = sourcecode.c.h; path = ASIProgressDelegate.h; sourceTree = "<group>"; };
		95CB5434130741D200FE0CB5 /* Reachability.h */ = {isa = PBXFileReference; fileEncoding = 4; lastKnownFileType = sourcecode.c.h; path = Reachability.h; sourceTree = "<group>"; };
		95CB5435130741D200FE0CB5 /* Reachability.m */ = {isa = PBXFileReference; fileEncoding = 4; lastKnownFileType = sourcecode.c.objc; path = Reachability.m; sourceTree = "<group>"; };
		95CB54391307421500FE0CB5 /* CFNetwork.framework */ = {isa = PBXFileReference; lastKnownFileType = wrapper.framework; name = CFNetwork.framework; path = System/Library/Frameworks/CFNetwork.framework; sourceTree = SDKROOT; };
		95CB543D1307421E00FE0CB5 /* SystemConfiguration.framework */ = {isa = PBXFileReference; lastKnownFileType = wrapper.framework; name = SystemConfiguration.framework; path = System/Library/Frameworks/SystemConfiguration.framework; sourceTree = SDKROOT; };
		95CB54411307422100FE0CB5 /* MobileCoreServices.framework */ = {isa = PBXFileReference; lastKnownFileType = wrapper.framework; name = MobileCoreServices.framework; path = System/Library/Frameworks/MobileCoreServices.framework; sourceTree = SDKROOT; };
		95CB545B1307437900FE0CB5 /* libz.1.2.3.dylib */ = {isa = PBXFileReference; lastKnownFileType = "compiled.mach-o.dylib"; name = libz.1.2.3.dylib; path = usr/lib/libz.1.2.3.dylib; sourceTree = SDKROOT; };
		95CB5463130743D400FE0CB5 /* WebService.h */ = {isa = PBXFileReference; fileEncoding = 4; lastKnownFileType = sourcecode.c.h; path = WebService.h; sourceTree = "<group>"; };
		95CB5464130743D400FE0CB5 /* WebService.m */ = {isa = PBXFileReference; fileEncoding = 4; lastKnownFileType = sourcecode.c.objc; path = WebService.m; sourceTree = "<group>"; };
		95CB551513075E5500FE0CB5 /* JSON.h */ = {isa = PBXFileReference; fileEncoding = 4; lastKnownFileType = sourcecode.c.h; path = JSON.h; sourceTree = "<group>"; };
		95CB551613075E5500FE0CB5 /* NSObject+JSON.h */ = {isa = PBXFileReference; fileEncoding = 4; lastKnownFileType = sourcecode.c.h; path = "NSObject+JSON.h"; sourceTree = "<group>"; };
		95CB551713075E5500FE0CB5 /* NSObject+JSON.m */ = {isa = PBXFileReference; fileEncoding = 4; lastKnownFileType = sourcecode.c.objc; path = "NSObject+JSON.m"; sourceTree = "<group>"; };
		95CB551813075E5500FE0CB5 /* SBJsonParser.h */ = {isa = PBXFileReference; fileEncoding = 4; lastKnownFileType = sourcecode.c.h; path = SBJsonParser.h; sourceTree = "<group>"; };
		95CB551913075E5500FE0CB5 /* SBJsonParser.m */ = {isa = PBXFileReference; fileEncoding = 4; lastKnownFileType = sourcecode.c.objc; path = SBJsonParser.m; sourceTree = "<group>"; };
		95CB551A13075E5500FE0CB5 /* SBJsonStreamParser.h */ = {isa = PBXFileReference; fileEncoding = 4; lastKnownFileType = sourcecode.c.h; path = SBJsonStreamParser.h; sourceTree = "<group>"; };
		95CB551B13075E5500FE0CB5 /* SBJsonStreamParser.m */ = {isa = PBXFileReference; fileEncoding = 4; lastKnownFileType = sourcecode.c.objc; path = SBJsonStreamParser.m; sourceTree = "<group>"; };
		95CB551C13075E5500FE0CB5 /* SBJsonStreamParserAdapter.h */ = {isa = PBXFileReference; fileEncoding = 4; lastKnownFileType = sourcecode.c.h; path = SBJsonStreamParserAdapter.h; sourceTree = "<group>"; };
		95CB551D13075E5500FE0CB5 /* SBJsonStreamParserAdapter.m */ = {isa = PBXFileReference; fileEncoding = 4; lastKnownFileType = sourcecode.c.objc; path = SBJsonStreamParserAdapter.m; sourceTree = "<group>"; };
		95CB551E13075E5500FE0CB5 /* SBJsonStreamParserState.h */ = {isa = PBXFileReference; fileEncoding = 4; lastKnownFileType = sourcecode.c.h; path = SBJsonStreamParserState.h; sourceTree = "<group>"; };
		95CB551F13075E5500FE0CB5 /* SBJsonStreamParserState.m */ = {isa = PBXFileReference; fileEncoding = 4; lastKnownFileType = sourcecode.c.objc; path = SBJsonStreamParserState.m; sourceTree = "<group>"; };
		95CB552013075E5500FE0CB5 /* SBJsonStreamWriter.h */ = {isa = PBXFileReference; fileEncoding = 4; lastKnownFileType = sourcecode.c.h; path = SBJsonStreamWriter.h; sourceTree = "<group>"; };
		95CB552113075E5500FE0CB5 /* SBJsonStreamWriter.m */ = {isa = PBXFileReference; fileEncoding = 4; lastKnownFileType = sourcecode.c.objc; path = SBJsonStreamWriter.m; sourceTree = "<group>"; };
		95CB552213075E5500FE0CB5 /* SBJsonStreamWriterState.h */ = {isa = PBXFileReference; fileEncoding = 4; lastKnownFileType = sourcecode.c.h; path = SBJsonStreamWriterState.h; sourceTree = "<group>"; };
		95CB552313075E5500FE0CB5 /* SBJsonStreamWriterState.m */ = {isa = PBXFileReference; fileEncoding = 4; lastKnownFileType = sourcecode.c.objc; path = SBJsonStreamWriterState.m; sourceTree = "<group>"; };
		95CB552413075E5500FE0CB5 /* SBJsonTokeniser.h */ = {isa = PBXFileReference; fileEncoding = 4; lastKnownFileType = sourcecode.c.h; path = SBJsonTokeniser.h; sourceTree = "<group>"; };
		95CB552513075E5500FE0CB5 /* SBJsonTokeniser.m */ = {isa = PBXFileReference; fileEncoding = 4; lastKnownFileType = sourcecode.c.objc; path = SBJsonTokeniser.m; sourceTree = "<group>"; };
		95CB552613075E5500FE0CB5 /* SBJsonWriter.h */ = {isa = PBXFileReference; fileEncoding = 4; lastKnownFileType = sourcecode.c.h; path = SBJsonWriter.h; sourceTree = "<group>"; };
		95CB552713075E5500FE0CB5 /* SBJsonWriter.m */ = {isa = PBXFileReference; fileEncoding = 4; lastKnownFileType = sourcecode.c.objc; path = SBJsonWriter.m; sourceTree = "<group>"; };
		95F9CC27130892BA00E4B39D /* FinishedViewController.h */ = {isa = PBXFileReference; fileEncoding = 4; lastKnownFileType = sourcecode.c.h; path = FinishedViewController.h; sourceTree = "<group>"; };
		95F9CC28130892BA00E4B39D /* FinishedViewController.m */ = {isa = PBXFileReference; fileEncoding = 4; lastKnownFileType = sourcecode.c.objc; path = FinishedViewController.m; sourceTree = "<group>"; };
		95F9CC29130892BA00E4B39D /* FinishedViewController.xib */ = {isa = PBXFileReference; lastKnownFileType = file.xib; path = FinishedViewController.xib; sourceTree = "<group>"; };
/* End PBXFileReference section */

/* Begin PBXFrameworksBuildPhase section */
		1D60588F0D05DD3D006BFB54 /* Frameworks */ = {
			isa = PBXFrameworksBuildPhase;
			buildActionMask = 2147483647;
			files = (
				1D60589F0D05DD5A006BFB54 /* Foundation.framework in Frameworks */,
				1DF5F4E00D08C38300B7A737 /* UIKit.framework in Frameworks */,
				2892E4100DC94CBA00A64D0F /* CoreGraphics.framework in Frameworks */,
				95CB543A1307421500FE0CB5 /* CFNetwork.framework in Frameworks */,
				95CB543E1307421E00FE0CB5 /* SystemConfiguration.framework in Frameworks */,
				95CB54421307422100FE0CB5 /* MobileCoreServices.framework in Frameworks */,
				95CB545C1307437900FE0CB5 /* libz.1.2.3.dylib in Frameworks */,
				4919C8A51391DDF800A1927C /* CoreData.framework in Frameworks */,
			);
			runOnlyForDeploymentPostprocessing = 0;
		};
/* End PBXFrameworksBuildPhase section */

/* Begin PBXGroup section */
		080E96DDFE201D6D7F000001 /* Classes */ = {
			isa = PBXGroup;
			children = (
				1D3623240D0F684500981E51 /* ValentunesAppDelegate.h */,
				1D3623250D0F684500981E51 /* ValentunesAppDelegate.m */,
				95CB5463130743D400FE0CB5 /* WebService.h */,
				95CB5464130743D400FE0CB5 /* WebService.m */,
				95CB533A1307271900FE0CB5 /* Data */,
				28C286DF0D94DF7D0034E888 /* RootViewController.h */,
				28C286E00D94DF7D0034E888 /* RootViewController.m */,
				95CB53331307265900FE0CB5 /* ChooseSongsViewController.h */,
				95CB53341307265900FE0CB5 /* ChooseSongsViewController.m */,
				95CB53351307265900FE0CB5 /* ChooseSongsViewController.xib */,
				952E547813078235002A3314 /* SendViewController.h */,
				952E547913078235002A3314 /* SendViewController.m */,
				952E547A13078235002A3314 /* SendViewController.xib */,
				95F9CC27130892BA00E4B39D /* FinishedViewController.h */,
				95F9CC28130892BA00E4B39D /* FinishedViewController.m */,
				95F9CC29130892BA00E4B39D /* FinishedViewController.xib */,
				952E53931307679F002A3314 /* Cells */,
			);
			path = Classes;
			sourceTree = "<group>";
		};
		19C28FACFE9D520D11CA2CBB /* Products */ = {
			isa = PBXGroup;
			children = (
				1D6058910D05DD3D006BFB54 /* Valentunes.app */,
			);
			name = Products;
			sourceTree = "<group>";
		};
		29B97314FDCFA39411CA2CEA /* CustomTemplate */ = {
			isa = PBXGroup;
			children = (
				95CB54BC13075B8900FE0CB5 /* JSON */,
				95CB540B13073F1400FE0CB5 /* ASIHTTP */,
				080E96DDFE201D6D7F000001 /* Classes */,
				29B97315FDCFA39411CA2CEA /* Other Sources */,
				29B97317FDCFA39411CA2CEA /* Resources */,
				29B97323FDCFA39411CA2CEA /* Frameworks */,
				19C28FACFE9D520D11CA2CBB /* Products */,
				95CB54391307421500FE0CB5 /* CFNetwork.framework */,
				95CB543D1307421E00FE0CB5 /* SystemConfiguration.framework */,
				95CB54411307422100FE0CB5 /* MobileCoreServices.framework */,
				95CB545B1307437900FE0CB5 /* libz.1.2.3.dylib */,
			);
			name = CustomTemplate;
			sourceTree = "<group>";
		};
		29B97315FDCFA39411CA2CEA /* Other Sources */ = {
			isa = PBXGroup;
			children = (
				28A0AAE50D9B0CCF005BE974 /* Valentunes_Prefix.pch */,
				29B97316FDCFA39411CA2CEA /* main.m */,
			);
			name = "Other Sources";
			sourceTree = "<group>";
		};
		29B97317FDCFA39411CA2CEA /* Resources */ = {
			isa = PBXGroup;
			children = (
				4919C89D1391DDC000A1927C /* Valentunes.xcdatamodeld */,
				952E53CB13076FDB002A3314 /* images */,
				95CB539B130735B900FE0CB5 /* mock_song_list.json */,
				28F335F01007B36200424DE2 /* RootViewController.xib */,
				28AD735F0D9D9599002E5188 /* MainWindow.xib */,
				8D1107310486CEB800E47090 /* Valentunes-Info.plist */,
			);
			name = Resources;
			sourceTree = "<group>";
		};
		29B97323FDCFA39411CA2CEA /* Frameworks */ = {
			isa = PBXGroup;
			children = (
				1DF5F4DF0D08C38300B7A737 /* UIKit.framework */,
				1D30AB110D05D00D00671497 /* Foundation.framework */,
				2892E40F0DC94CBA00A64D0F /* CoreGraphics.framework */,
				4919C8A41391DDF800A1927C /* CoreData.framework */,
			);
			name = Frameworks;
			sourceTree = "<group>";
		};
		952E53931307679F002A3314 /* Cells */ = {
			isa = PBXGroup;
			children = (
				952E5394130767C0002A3314 /* SongCell.h */,
				952E5395130767C0002A3314 /* SongCell.m */,
				952E5397130767D4002A3314 /* SongCell.xib */,
			);
			name = Cells;
			sourceTree = "<group>";
		};
		952E53CB13076FDB002A3314 /* images */ = {
			isa = PBXGroup;
			children = (
				951AFD931308615300CEC086 /* album1.jpg */,
				951AFD941308615300CEC086 /* album2.jpg */,
				951AFD951308615300CEC086 /* album3.jpg */,
				951AFD961308615300CEC086 /* album4.jpg */,
				951AFC09130838F800CEC086 /* heart.png */,
				952E5470130780F2002A3314 /* kttunstall.jpeg */,
				952E53CC13077003002A3314 /* Check_mark.png */,
				952E53CD13077003002A3314 /* empty_check_box.gif */,
				952E53CE13077003002A3314 /* Silver-Play-Button.jpg */,
			);
			path = images;
			sourceTree = "<group>";
		};
		95CB533A1307271900FE0CB5 /* Data */ = {
			isa = PBXGroup;
			children = (
				95CB533B1307272300FE0CB5 /* Song.h */,
				95CB533C1307272300FE0CB5 /* Song.m */,
			);
			name = Data;
			sourceTree = "<group>";
		};
		95CB540B13073F1400FE0CB5 /* ASIHTTP */ = {
			isa = PBXGroup;
			children = (
				95CB5434130741D200FE0CB5 /* Reachability.h */,
				95CB5435130741D200FE0CB5 /* Reachability.m */,
				95CB540C13073F1400FE0CB5 /* ASIAuthenticationDialog.h */,
				95CB540D13073F1400FE0CB5 /* ASIAuthenticationDialog.m */,
				95CB540E13073F1400FE0CB5 /* ASICacheDelegate.h */,
				95CB540F13073F1400FE0CB5 /* ASIDataCompressor.h */,
				95CB541013073F1400FE0CB5 /* ASIDataCompressor.m */,
				95CB541113073F1400FE0CB5 /* ASIDataDecompressor.h */,
				95CB541213073F1400FE0CB5 /* ASIDataDecompressor.m */,
				95CB541313073F1400FE0CB5 /* ASIDownloadCache.h */,
				95CB541413073F1400FE0CB5 /* ASIDownloadCache.m */,
				95CB541513073F1400FE0CB5 /* ASIFormDataRequest.h */,
				95CB541613073F1400FE0CB5 /* ASIFormDataRequest.m */,
				95CB541713073F1400FE0CB5 /* ASIHTTPRequest.h */,
				95CB541813073F1400FE0CB5 /* ASIHTTPRequest.m */,
				95CB541913073F1400FE0CB5 /* ASIHTTPRequestConfig.h */,
				95CB541A13073F1400FE0CB5 /* ASIHTTPRequestDelegate.h */,
				95CB541B13073F1400FE0CB5 /* ASIInputStream.h */,
				95CB541C13073F1400FE0CB5 /* ASIInputStream.m */,
				95CB541D13073F1400FE0CB5 /* ASINetworkQueue.h */,
				95CB541E13073F1400FE0CB5 /* ASINetworkQueue.m */,
				95CB541F13073F1400FE0CB5 /* ASIProgressDelegate.h */,
			);
			path = ASIHTTP;
			sourceTree = "<group>";
		};
		95CB54BC13075B8900FE0CB5 /* JSON */ = {
			isa = PBXGroup;
			children = (
				95CB551513075E5500FE0CB5 /* JSON.h */,
				95CB551613075E5500FE0CB5 /* NSObject+JSON.h */,
				95CB551713075E5500FE0CB5 /* NSObject+JSON.m */,
				95CB551813075E5500FE0CB5 /* SBJsonParser.h */,
				95CB551913075E5500FE0CB5 /* SBJsonParser.m */,
				95CB551A13075E5500FE0CB5 /* SBJsonStreamParser.h */,
				95CB551B13075E5500FE0CB5 /* SBJsonStreamParser.m */,
				95CB551C13075E5500FE0CB5 /* SBJsonStreamParserAdapter.h */,
				95CB551D13075E5500FE0CB5 /* SBJsonStreamParserAdapter.m */,
				95CB551E13075E5500FE0CB5 /* SBJsonStreamParserState.h */,
				95CB551F13075E5500FE0CB5 /* SBJsonStreamParserState.m */,
				95CB552013075E5500FE0CB5 /* SBJsonStreamWriter.h */,
				95CB552113075E5500FE0CB5 /* SBJsonStreamWriter.m */,
				95CB552213075E5500FE0CB5 /* SBJsonStreamWriterState.h */,
				95CB552313075E5500FE0CB5 /* SBJsonStreamWriterState.m */,
				95CB552413075E5500FE0CB5 /* SBJsonTokeniser.h */,
				95CB552513075E5500FE0CB5 /* SBJsonTokeniser.m */,
				95CB552613075E5500FE0CB5 /* SBJsonWriter.h */,
				95CB552713075E5500FE0CB5 /* SBJsonWriter.m */,
			);
			path = JSON;
			sourceTree = "<group>";
		};
/* End PBXGroup section */

/* Begin PBXNativeTarget section */
		1D6058900D05DD3D006BFB54 /* Valentunes */ = {
			isa = PBXNativeTarget;
			buildConfigurationList = 1D6058960D05DD3E006BFB54 /* Build configuration list for PBXNativeTarget "Valentunes" */;
			buildPhases = (
				1D60588D0D05DD3D006BFB54 /* Resources */,
				1D60588E0D05DD3D006BFB54 /* Sources */,
				1D60588F0D05DD3D006BFB54 /* Frameworks */,
			);
			buildRules = (
			);
			dependencies = (
			);
			name = Valentunes;
			productName = Valentunes;
			productReference = 1D6058910D05DD3D006BFB54 /* Valentunes.app */;
			productType = "com.apple.product-type.application";
		};
/* End PBXNativeTarget section */

/* Begin PBXProject section */
		29B97313FDCFA39411CA2CEA /* Project object */ = {
			isa = PBXProject;
			buildConfigurationList = C01FCF4E08A954540054247B /* Build configuration list for PBXProject "Valentunes" */;
			compatibilityVersion = "Xcode 3.1";
			developmentRegion = English;
			hasScannedForEncodings = 1;
			knownRegions = (
				English,
				Japanese,
				French,
				German,
				en,
			);
			mainGroup = 29B97314FDCFA39411CA2CEA /* CustomTemplate */;
			projectDirPath = "";
			projectRoot = "";
			targets = (
				1D6058900D05DD3D006BFB54 /* Valentunes */,
			);
		};
/* End PBXProject section */

/* Begin PBXResourcesBuildPhase section */
		1D60588D0D05DD3D006BFB54 /* Resources */ = {
			isa = PBXResourcesBuildPhase;
			buildActionMask = 2147483647;
			files = (
				28AD73600D9D9599002E5188 /* MainWindow.xib in Resources */,
				28F335F11007B36200424DE2 /* RootViewController.xib in Resources */,
				95CB53371307265900FE0CB5 /* ChooseSongsViewController.xib in Resources */,
				95CB539C130735B900FE0CB5 /* mock_song_list.json in Resources */,
				952E5398130767D4002A3314 /* SongCell.xib in Resources */,
				952E53CF13077003002A3314 /* Check_mark.png in Resources */,
				952E53D013077003002A3314 /* empty_check_box.gif in Resources */,
				952E53D113077003002A3314 /* Silver-Play-Button.jpg in Resources */,
				952E5471130780F2002A3314 /* kttunstall.jpeg in Resources */,
				952E547C13078235002A3314 /* SendViewController.xib in Resources */,
				951AFC0A130838F800CEC086 /* heart.png in Resources */,
				951AFD971308615300CEC086 /* album1.jpg in Resources */,
				951AFD981308615300CEC086 /* album2.jpg in Resources */,
				951AFD991308615300CEC086 /* album3.jpg in Resources */,
				951AFD9A1308615300CEC086 /* album4.jpg in Resources */,
				95F9CC2B130892BA00E4B39D /* FinishedViewController.xib in Resources */,
			);
			runOnlyForDeploymentPostprocessing = 0;
		};
/* End PBXResourcesBuildPhase section */

/* Begin PBXSourcesBuildPhase section */
		1D60588E0D05DD3D006BFB54 /* Sources */ = {
			isa = PBXSourcesBuildPhase;
			buildActionMask = 2147483647;
			files = (
				1D60589B0D05DD56006BFB54 /* main.m in Sources */,
				1D3623260D0F684500981E51 /* ValentunesAppDelegate.m in Sources */,
				28C286E10D94DF7D0034E888 /* RootViewController.m in Sources */,
				95CB53361307265900FE0CB5 /* ChooseSongsViewController.m in Sources */,
				95CB533D1307272300FE0CB5 /* Song.m in Sources */,
				95CB542013073F1400FE0CB5 /* ASIAuthenticationDialog.m in Sources */,
				95CB542113073F1400FE0CB5 /* ASIDataCompressor.m in Sources */,
				95CB542213073F1400FE0CB5 /* ASIDataDecompressor.m in Sources */,
				95CB542313073F1400FE0CB5 /* ASIDownloadCache.m in Sources */,
				95CB542413073F1400FE0CB5 /* ASIFormDataRequest.m in Sources */,
				95CB542513073F1400FE0CB5 /* ASIHTTPRequest.m in Sources */,
				95CB542613073F1400FE0CB5 /* ASIInputStream.m in Sources */,
				95CB542713073F1400FE0CB5 /* ASINetworkQueue.m in Sources */,
				95CB5436130741D200FE0CB5 /* Reachability.m in Sources */,
				95CB5465130743D400FE0CB5 /* WebService.m in Sources */,
				95CB552813075E5500FE0CB5 /* NSObject+JSON.m in Sources */,
				95CB552913075E5500FE0CB5 /* SBJsonParser.m in Sources */,
				95CB552A13075E5500FE0CB5 /* SBJsonStreamParser.m in Sources */,
				95CB552B13075E5500FE0CB5 /* SBJsonStreamParserAdapter.m in Sources */,
				95CB552C13075E5500FE0CB5 /* SBJsonStreamParserState.m in Sources */,
				95CB552D13075E5500FE0CB5 /* SBJsonStreamWriter.m in Sources */,
				95CB552E13075E5500FE0CB5 /* SBJsonStreamWriterState.m in Sources */,
				95CB552F13075E5500FE0CB5 /* SBJsonTokeniser.m in Sources */,
				95CB553013075E5500FE0CB5 /* SBJsonWriter.m in Sources */,
				952E5396130767C0002A3314 /* SongCell.m in Sources */,
				952E547B13078235002A3314 /* SendViewController.m in Sources */,
				95F9CC2A130892BA00E4B39D /* FinishedViewController.m in Sources */,
				4919C89F1391DDC000A1927C /* Valentunes.xcdatamodeld in Sources */,
				4919C8AC1391DF0D00A1927C /* Track.m in Sources */,
				4919C8AD1391DF0D00A1927C /* Card.m in Sources */,
			);
			runOnlyForDeploymentPostprocessing = 0;
		};
/* End PBXSourcesBuildPhase section */

/* Begin XCBuildConfiguration section */
		1D6058940D05DD3E006BFB54 /* Debug */ = {
			isa = XCBuildConfiguration;
			buildSettings = {
				ALWAYS_SEARCH_USER_PATHS = NO;
				COPY_PHASE_STRIP = NO;
				GCC_DYNAMIC_NO_PIC = NO;
				GCC_OPTIMIZATION_LEVEL = 0;
				GCC_PRECOMPILE_PREFIX_HEADER = YES;
				GCC_PREFIX_HEADER = Valentunes_Prefix.pch;
				INFOPLIST_FILE = "Valentunes-Info.plist";
				PRODUCT_NAME = Valentunes;
			};
			name = Debug;
		};
		1D6058950D05DD3E006BFB54 /* Release */ = {
			isa = XCBuildConfiguration;
			buildSettings = {
				ALWAYS_SEARCH_USER_PATHS = NO;
				COPY_PHASE_STRIP = YES;
				GCC_PRECOMPILE_PREFIX_HEADER = YES;
				GCC_PREFIX_HEADER = Valentunes_Prefix.pch;
				INFOPLIST_FILE = "Valentunes-Info.plist";
				PRODUCT_NAME = Valentunes;
				VALIDATE_PRODUCT = YES;
			};
			name = Release;
		};
		C01FCF4F08A954540054247B /* Debug */ = {
			isa = XCBuildConfiguration;
			buildSettings = {
				ARCHS = "$(ARCHS_STANDARD_32_BIT)";
				"CODE_SIGN_IDENTITY[sdk=iphoneos*]" = "iPhone Developer";
				GCC_C_LANGUAGE_STANDARD = c99;
				GCC_WARN_ABOUT_RETURN_TYPE = YES;
				GCC_WARN_UNUSED_VARIABLE = YES;
				PREBINDING = NO;
				SDKROOT = iphoneos;
			};
			name = Debug;
		};
		C01FCF5008A954540054247B /* Release */ = {
			isa = XCBuildConfiguration;
			buildSettings = {
				ARCHS = "$(ARCHS_STANDARD_32_BIT)";
				"CODE_SIGN_IDENTITY[sdk=iphoneos*]" = "iPhone Developer";
				GCC_C_LANGUAGE_STANDARD = c99;
				GCC_WARN_ABOUT_RETURN_TYPE = YES;
				GCC_WARN_UNUSED_VARIABLE = YES;
				OTHER_CFLAGS = "-DNS_BLOCK_ASSERTIONS=1";
				PREBINDING = NO;
				SDKROOT = iphoneos;
			};
			name = Release;
		};
/* End XCBuildConfiguration section */

/* Begin XCConfigurationList section */
		1D6058960D05DD3E006BFB54 /* Build configuration list for PBXNativeTarget "Valentunes" */ = {
			isa = XCConfigurationList;
			buildConfigurations = (
				1D6058940D05DD3E006BFB54 /* Debug */,
				1D6058950D05DD3E006BFB54 /* Release */,
			);
			defaultConfigurationIsVisible = 0;
			defaultConfigurationName = Release;
		};
		C01FCF4E08A954540054247B /* Build configuration list for PBXProject "Valentunes" */ = {
			isa = XCConfigurationList;
			buildConfigurations = (
				C01FCF4F08A954540054247B /* Debug */,
				C01FCF5008A954540054247B /* Release */,
			);
			defaultConfigurationIsVisible = 0;
			defaultConfigurationName = Release;
		};
/* End XCConfigurationList section */

/* Begin XCVersionGroup section */
		4919C89D1391DDC000A1927C /* Valentunes.xcdatamodeld */ = {
			isa = XCVersionGroup;
			children = (
				4919C8A81391DF0D00A1927C /* Track.h */,
				4919C8A91391DF0D00A1927C /* Track.m */,
				4919C8AA1391DF0D00A1927C /* Card.h */,
				4919C8AB1391DF0D00A1927C /* Card.m */,
				4919C89E1391DDC000A1927C /* Valentunes.xcdatamodel */,
			);
			currentVersion = 4919C89E1391DDC000A1927C /* Valentunes.xcdatamodel */;
			path = Valentunes.xcdatamodeld;
			sourceTree = "<group>";
			versionGroupType = wrapper.xcdatamodel;
		};
/* End XCVersionGroup section */
	};
	rootObject = 29B97313FDCFA39411CA2CEA /* Project object */;
}
